<?xml version="1.0" encoding="utf-8"?>
<Project ToolsVersion="4.0" xmlns="http://schemas.microsoft.com/developer/msbuild/2003">
  <ItemGroup>
    <Filter Include="Source Files">
      <UniqueIdentifier>{4FC737F1-C7A5-4376-A066-2A32D752A2FF}</UniqueIdentifier>
      <Extensions>cpp;c;cc;cxx;def;odl;idl;hpj;bat;asm;asmx</Extensions>
    </Filter>
    <Filter Include="Header Files">
      <UniqueIdentifier>{93995380-89BD-4b04-88EB-625FBE52EBFB}</UniqueIdentifier>
      <Extensions>h;hh;hpp;hxx;hm;inl;inc;xsd</Extensions>
    </Filter>
    <Filter Include="Resource Files">
      <UniqueIdentifier>{67DA6AB6-F800-4c08-8B7A-83BB121AAD01}</UniqueIdentifier>
      <Extensions>rc;ico;cur;bmp;dlg;rc2;rct;bin;rgs;gif;jpg;jpeg;jpe;resx;tiff;tif;png;wav;mfcribbon-ms</Extensions>
    </Filter>
    <Filter Include="Header Files\Misc">
      <UniqueIdentifier>{06077b23-3da1-4577-883e-faa8ad7d2681}</UniqueIdentifier>
    </Filter>
    <Filter Include="Header Files\Input">
      <UniqueIdentifier>{17a813e8-6889-4762-bda0-e8bf93e4d34b}</UniqueIdentifier>
    </Filter>
    <Filter Include="Source Files\Misc">
      <UniqueIdentifier>{b6ace395-ab52-40ef-bf68-e5075eb3c287}</UniqueIdentifier>
    </Filter>
    <Filter Include="Source Files\Input">
      <UniqueIdentifier>{dd6fde23-2ec4-47ae-a0c4-448b3f5dcd21}</UniqueIdentifier>
    </Filter>
    <Filter Include="Header Files\States">
      <UniqueIdentifier>{e8e4afd9-620f-47a6-bd5c-d8ec87160c56}</UniqueIdentifier>
    </Filter>
    <Filter Include="Source Files\States">
      <UniqueIdentifier>{5ef99319-cf73-4fe5-a522-2097992f42a7}</UniqueIdentifier>
    </Filter>
  </ItemGroup>
  <ItemGroup>
    <ClCompile Include="main.cpp">
      <Filter>Source Files</Filter>
    </ClCompile>
    <ClCompile Include="lodepng.cpp">
      <Filter>Source Files</Filter>
    </ClCompile>
    <ClCompile Include="input\Controller.cpp">
      <Filter>Source Files\Input</Filter>
    </ClCompile>
    <ClCompile Include="input\InputManager.cpp">
      <Filter>Source Files\Input</Filter>
    </ClCompile>
    <ClCompile Include="misc\DeltaTime.cpp">
      <Filter>Source Files\Misc</Filter>
    </ClCompile>
    <ClCompile Include="misc\Random.cpp">
      <Filter>Source Files\Misc</Filter>
    </ClCompile>
    <ClCompile Include="misc\Utility.cpp">
      <Filter>Source Files\Misc</Filter>
    </ClCompile>
    <ClCompile Include="Platform.cpp">
      <Filter>Source Files</Filter>
    </ClCompile>
    <ClCompile Include="Texture.cpp">
      <Filter>Source Files</Filter>
    </ClCompile>
    <ClCompile Include="misc\Log.cpp">
      <Filter>Source Files\Misc</Filter>
    </ClCompile>
    <ClCompile Include="states\State.cpp">
      <Filter>Source Files\States</Filter>
    </ClCompile>
    <ClCompile Include="states\StateManager.cpp">
      <Filter>Source Files\States</Filter>
    </ClCompile>
    <ClCompile Include="states\MainState.cpp">
      <Filter>Source Files\States</Filter>
    </ClCompile>
  </ItemGroup>
  <ItemGroup>
    <ClInclude Include="Ray.h">
      <Filter>Header Files</Filter>
    </ClInclude>
    <ClInclude Include="Triangle.h">
      <Filter>Header Files</Filter>
    </ClInclude>
    <ClInclude Include="lodepng.h">
      <Filter>Header Files</Filter>
    </ClInclude>
    <ClInclude Include="Sphere.h">
      <Filter>Header Files</Filter>
    </ClInclude>
    <ClInclude Include="input\InputManager.h">
      <Filter>Header Files\Input</Filter>
    </ClInclude>
    <ClInclude Include="input\Controller.h">
      <Filter>Header Files\Input</Filter>
    </ClInclude>
    <ClInclude Include="misc\DeltaTime.h">
      <Filter>Header Files\Misc</Filter>
    </ClInclude>
    <ClInclude Include="misc\Random.h">
      <Filter>Header Files\Misc</Filter>
    </ClInclude>
    <ClInclude Include="misc\Utility.h">
      <Filter>Header Files\Misc</Filter>
    </ClInclude>
    <ClInclude Include="misc\Vec2.h">
      <Filter>Header Files\Misc</Filter>
    </ClInclude>
    <ClInclude Include="misc\Vec3.h">
      <Filter>Header Files\Misc</Filter>
    </ClInclude>
    <ClInclude Include="Platform.h">
      <Filter>Header Files</Filter>
    </ClInclude>
    <ClInclude Include="Texture.h">
      <Filter>Header Files</Filter>
    </ClInclude>
    <ClInclude Include="misc\Log.h">
      <Filter>Header Files\Misc</Filter>
    </ClInclude>
    <ClInclude Include="states\State.h">
      <Filter>Header Files\States</Filter>
    </ClInclude>
    <ClInclude Include="states\StateManager.h">
      <Filter>Header Files\States</Filter>
    </ClInclude>
    <ClInclude Include="states\MainState.h">
      <Filter>Header Files\States</Filter>
    </ClInclude>
  </ItemGroup>
</Project>